
Microsoft Visual Studio Solution File, Format Version 12.00
Project("{FAE04EC0-301F-11D3-BF4B-00C04F79EFBC}") = "Deck_Randomiser_2", "Deck_Randomiser_2.csproj", "{428D9CF2-4AC6-4211-9641-DB2BEDBE5297}"
EndProject
Global
	GlobalSection(SolutionConfigurationPlatforms) = preSolution
		Debug|Any CPU = Debug|Any CPU
		Release|Any CPU = Release|Any CPU
	EndGlobalSection
	GlobalSection(ProjectConfigurationPlatforms) = postSolution
		{428D9CF2-4AC6-4211-9641-DB2BEDBE5297}.Debug|Any CPU.ActiveCfg = Debug|Any CPU
		{428D9CF2-4AC6-4211-9641-DB2BEDBE5297}.Debug|Any CPU.Build.0 = Debug|Any CPU
		{428D9CF2-4AC6-4211-9641-DB2BEDBE5297}.Release|Any CPU.ActiveCfg = Release|Any CPU
		{428D9CF2-4AC6-4211-9641-DB2BEDBE5297}.Release|Any CPU.Build.0 = Release|Any CPU
	EndGlobalSection
EndGlobal
